
Microsoft Visual Studio Solution File, Format Version 12.00
# Visual Studio 15
Project("{FAE04EC0-301F-11D3-BF4B-00C04F79EFBC}") = "Unity.XR.Interaction.Toolkit.Samples.StarterAssets", "Unity.XR.Interaction.Toolkit.Samples.StarterAssets.csproj", "{651FE9A7-6A8A-AD2B-B88E-6DA45B4DF1DD}"
EndProject
Project("{FAE04EC0-301F-11D3-BF4B-00C04F79EFBC}") = "Assembly-CSharp", "Assembly-CSharp.csproj", "{6D5DAF83-5228-935C-902E-FEEE68C4E95C}"
EndProject
Global
	GlobalSection(SolutionConfigurationPlatforms) = preSolution
		Debug|Any CPU = Debug|Any CPU
		Release|Any CPU = Release|Any CPU
	EndGlobalSection
	GlobalSection(ProjectConfigurationPlatforms) = postSolution
		{651FE9A7-6A8A-AD2B-B88E-6DA45B4DF1DD}.Debug|Any CPU.ActiveCfg = Debug|Any CPU
		{651FE9A7-6A8A-AD2B-B88E-6DA45B4DF1DD}.Debug|Any CPU.Build.0 = Debug|Any CPU
		{651FE9A7-6A8A-AD2B-B88E-6DA45B4DF1DD}.Release|Any CPU.ActiveCfg = Release|Any CPU
		{651FE9A7-6A8A-AD2B-B88E-6DA45B4DF1DD}.Release|Any CPU.Build.0 = Release|Any CPU
		{6D5DAF83-5228-935C-902E-FEEE68C4E95C}.Debug|Any CPU.ActiveCfg = Debug|Any CPU
		{6D5DAF83-5228-935C-902E-FEEE68C4E95C}.Debug|Any CPU.Build.0 = Debug|Any CPU
		{6D5DAF83-5228-935C-902E-FEEE68C4E95C}.Release|Any CPU.ActiveCfg = Release|Any CPU
		{6D5DAF83-5228-935C-902E-FEEE68C4E95C}.Release|Any CPU.Build.0 = Release|Any CPU
	EndGlobalSection
	GlobalSection(SolutionProperties) = preSolution
		HideSolutionNode = FALSE
	EndGlobalSection
EndGlobal
